
Microsoft Visual Studio Solution File, Format Version 12.00
# Visual Studio 15
VisualStudioVersion = 15.0.27004.2010
MinimumVisualStudioVersion = 10.0.40219.1
Project("{FAE04EC0-301F-11D3-BF4B-00C04F79EFBC}") = "File Database Library", "File Database Library\File Database Library.csproj", "{3D057B26-1758-41BD-A418-6ABFDCBBD9E4}"
EndProject
Project("{FAE04EC0-301F-11D3-BF4B-00C04F79EFBC}") = "AccessDatabaseDemo", "AccessDatabaseDemo\AccessDatabaseDemo.csproj", "{9C1D74CF-725F-4466-9808-32C0917D7D64}"
EndProject
Global
	GlobalSection(SolutionConfigurationPlatforms) = preSolution
		Debug|Any CPU = Debug|Any CPU
		Release|Any CPU = Release|Any CPU
	EndGlobalSection
	GlobalSection(ProjectConfigurationPlatforms) = postSolution
		{3D057B26-1758-41BD-A418-6ABFDCBBD9E4}.Debug|Any CPU.ActiveCfg = Debug|Any CPU
		{3D057B26-1758-41BD-A418-6ABFDCBBD9E4}.Debug|Any CPU.Build.0 = Debug|Any CPU
		{3D057B26-1758-41BD-A418-6ABFDCBBD9E4}.Release|Any CPU.ActiveCfg = Release|Any CPU
		{3D057B26-1758-41BD-A418-6ABFDCBBD9E4}.Release|Any CPU.Build.0 = Release|Any CPU
		{9C1D74CF-725F-4466-9808-32C0917D7D64}.Debug|Any CPU.ActiveCfg = Debug|Any CPU
		{9C1D74CF-725F-4466-9808-32C0917D7D64}.Debug|Any CPU.Build.0 = Debug|Any CPU
		{9C1D74CF-725F-4466-9808-32C0917D7D64}.Release|Any CPU.ActiveCfg = Release|Any CPU
		{9C1D74CF-725F-4466-9808-32C0917D7D64}.Release|Any CPU.Build.0 = Release|Any CPU
	EndGlobalSection
	GlobalSection(SolutionProperties) = preSolution
		HideSolutionNode = FALSE
	EndGlobalSection
	GlobalSection(ExtensibilityGlobals) = postSolution
		SolutionGuid = {0AB851D9-3766-435F-8ED0-AAFE64451E87}
	EndGlobalSection
	GlobalSection(TeamFoundationVersionControl) = preSolution
		SccNumberOfProjects = 3
		SccEnterpriseProvider = {4CA58AB2-18FA-4F8D-95D4-32DDF27D184C}
		SccTeamFoundationServer = https://porrey.visualstudio.com/
		SccLocalPath0 = .
		SccProjectUniqueName1 = AccessDatabaseDemo\\AccessDatabaseDemo.csproj
		SccProjectName1 = AccessDatabaseDemo
		SccLocalPath1 = AccessDatabaseDemo
		SccProjectUniqueName2 = File\u0020Database\u0020Library\\File\u0020Database\u0020Library.csproj
		SccProjectName2 = File\u0020Database\u0020Library
		SccLocalPath2 = File\u0020Database\u0020Library
	EndGlobalSection
EndGlobal
